
Microsoft Visual Studio Solution File, Format Version 11.00
# Visual Studio 2010
Project("{FAE04EC0-301F-11D3-BF4B-00C04F79EFBC}") = "WebShopPrototype", "WebShopPrototype\WebShopPrototype.csproj", "{4b3ff51a-bf82-47ab-91bf-4dfb8d890068}"
EndProject
Project("{FAE04EC0-301F-11D3-BF4B-00C04F79EFBC}") = "WebShopPrototypeScreens", "WebShopPrototype\WebShopPrototypeScreens\WebShopPrototypeScreens.csproj", "{f75c034e-0b99-49ec-809c-4743dba2655f}"
EndProject
Global
	GlobalSection(SolutionConfigurationPlatforms) = preSolution
		Debug|Any CPU = Debug|Any CPU
		Release|Any CPU = Release|Any CPU
	EndGlobalSection
	GlobalSection(ProjectConfigurationPlatforms) = postSolution
		{4B3FF51A-BF82-47AB-91BF-4DFB8D890068}.Debug|Any CPU.ActiveCfg = Debug|Any CPU
		{4B3FF51A-BF82-47AB-91BF-4DFB8D890068}.Debug|Any CPU.Build.0 = Debug|Any CPU
		{4B3FF51A-BF82-47AB-91BF-4DFB8D890068}.Release|Any CPU.ActiveCfg = Release|Any CPU
		{4B3FF51A-BF82-47AB-91BF-4DFB8D890068}.Release|Any CPU.Build.0 = Release|Any CPU
		{F75C034E-0B99-49EC-809C-4743DBA2655F}.Debug|Any CPU.ActiveCfg = Debug|Any CPU
		{F75C034E-0B99-49EC-809C-4743DBA2655F}.Debug|Any CPU.Build.0 = Debug|Any CPU
		{F75C034E-0B99-49EC-809C-4743DBA2655F}.Release|Any CPU.ActiveCfg = Release|Any CPU
		{F75C034E-0B99-49EC-809C-4743DBA2655F}.Release|Any CPU.Build.0 = Release|Any CPU
	EndGlobalSection
EndGlobal
